<?xml version="1.0" encoding="utf-8"?>
<Project ToolsVersion="4.0" xmlns="http://schemas.microsoft.com/developer/msbuild/2003">
  <ItemGroup>
    <Filter Include="源文件">
      <UniqueIdentifier>{4FC737F1-C7A5-4376-A066-2A32D752A2FF}</UniqueIdentifier>
      <Extensions>cpp;c;cc;cxx;def;odl;idl;hpj;bat;asm;asmx</Extensions>
    </Filter>
    <Filter Include="头文件">
      <UniqueIdentifier>{93995380-89BD-4b04-88EB-625FBE52EBFB}</UniqueIdentifier>
      <Extensions>h;hpp;hxx;hm;inl;inc;xsd</Extensions>
    </Filter>
    <Filter Include="资源文件">
      <UniqueIdentifier>{67DA6AB6-F800-4c08-8B7A-83BB121AAD01}</UniqueIdentifier>
      <Extensions>rc;ico;cur;bmp;dlg;rc2;rct;bin;rgs;gif;jpg;jpeg;jpe;resx;tiff;tif;png;wav;mfcribbon-ms</Extensions>
    </Filter>
  </ItemGroup>
  <ItemGroup>
    <Text Include="ReadMe.txt" />
  </ItemGroup>
  <ItemGroup>
    <ClInclude Include="SGMW_diag.h">
      <Filter>头文件</Filter>
    </ClInclude>
    <ClInclude Include="SGMW_diagDlg.h">
      <Filter>头文件</Filter>
    </ClInclude>
    <ClInclude Include="stdafx.h">
      <Filter>头文件</Filter>
    </ClInclude>
    <ClInclude Include="targetver.h">
      <Filter>头文件</Filter>
    </ClInclude>
    <ClInclude Include="Resource.h">
      <Filter>头文件</Filter>
    </ClInclude>
    <ClInclude Include="ECanDriver.h">
      <Filter>头文件</Filter>
    </ClInclude>
    <ClInclude Include="ECanVci.h">
      <Filter>头文件</Filter>
    </ClInclude>
    <ClInclude Include="RingBuf.h">
      <Filter>头文件</Filter>
    </ClInclude>
    <ClInclude Include="common.h">
      <Filter>头文件</Filter>
    </ClInclude>
    <ClInclude Include="saver.h">
      <Filter>头文件</Filter>
    </ClInclude>
    <ClInclude Include="diag.h">
      <Filter>头文件</Filter>
    </ClInclude>
    <ClInclude Include="crc32.h">
      <Filter>头文件</Filter>
    </ClInclude>
    <ClInclude Include="DisplayDlg.h">
      <Filter>头文件</Filter>
    </ClInclude>
    <ClInclude Include="ItemEdit.h">
      <Filter>头文件</Filter>
    </ClInclude>
    <ClInclude Include="EditTable.h">
      <Filter>头文件</Filter>
    </ClInclude>
    <ClInclude Include="logout.h">
      <Filter>头文件</Filter>
    </ClInclude>
    <ClInclude Include="winTest.h">
      <Filter>头文件</Filter>
    </ClInclude>
  </ItemGroup>
  <ItemGroup>
    <ClCompile Include="SGMW_diag.cpp">
      <Filter>源文件</Filter>
    </ClCompile>
    <ClCompile Include="SGMW_diagDlg.cpp">
      <Filter>源文件</Filter>
    </ClCompile>
    <ClCompile Include="stdafx.cpp">
      <Filter>源文件</Filter>
    </ClCompile>
    <ClCompile Include="ECanDriver.cpp">
      <Filter>源文件</Filter>
    </ClCompile>
    <ClCompile Include="RingBuf.cpp">
      <Filter>源文件</Filter>
    </ClCompile>
    <ClCompile Include="common.cpp">
      <Filter>源文件</Filter>
    </ClCompile>
    <ClCompile Include="saver.cpp">
      <Filter>源文件</Filter>
    </ClCompile>
    <ClCompile Include="diag.cpp">
      <Filter>源文件</Filter>
    </ClCompile>
    <ClCompile Include="diag_control.cpp">
      <Filter>源文件</Filter>
    </ClCompile>
    <ClCompile Include="diag_write.cpp">
      <Filter>源文件</Filter>
    </ClCompile>
    <ClCompile Include="diag_ack.cpp">
      <Filter>源文件</Filter>
    </ClCompile>
    <ClCompile Include="diag_request.cpp">
      <Filter>源文件</Filter>
    </ClCompile>
    <ClCompile Include="diag_file_update.cpp">
      <Filter>源文件</Filter>
    </ClCompile>
    <ClCompile Include="crc32.cpp">
      <Filter>源文件</Filter>
    </ClCompile>
    <ClCompile Include="diag_file_transfer.cpp">
      <Filter>源文件</Filter>
    </ClCompile>
    <ClCompile Include="DisplayDlg.cpp">
      <Filter>源文件</Filter>
    </ClCompile>
    <ClCompile Include="ItemEdit.cpp">
      <Filter>源文件</Filter>
    </ClCompile>
    <ClCompile Include="EditTable.cpp">
      <Filter>源文件</Filter>
    </ClCompile>
    <ClCompile Include="logout.cpp">
      <Filter>源文件</Filter>
    </ClCompile>
  </ItemGroup>
  <ItemGroup>
    <ResourceCompile Include="SGMW_diag.rc">
      <Filter>资源文件</Filter>
    </ResourceCompile>
  </ItemGroup>
  <ItemGroup>
    <None Include="res\SGMW_diag.rc2">
      <Filter>资源文件</Filter>
    </None>
  </ItemGroup>
  <ItemGroup>
    <Image Include="res\SGMW_diag.ico">
      <Filter>资源文件</Filter>
    </Image>
  </ItemGroup>
</Project>